
Microsoft Visual Studio Solution File, Format Version 12.00
# Visual Studio Version 16
VisualStudioVersion = 16.0.809.3
MinimumVisualStudioVersion = 10.0.40219.1
Project("{FAE04EC0-301F-11D3-BF4B-00C04F79EFBC}") = "SqliteJson.Android", "SqliteJson.Android\SqliteJson.Android.csproj", "{61108774-02A4-4F47-9B1F-59F56F4A576B}"
EndProject
Project("{FAE04EC0-301F-11D3-BF4B-00C04F79EFBC}") = "SqliteJson.iOS", "SqliteJson.iOS\SqliteJson.iOS.csproj", "{554646F4-835F-4937-922B-CFCE943F171D}"
EndProject
Project("{FAE04EC0-301F-11D3-BF4B-00C04F79EFBC}") = "SqliteJson", "SqliteJson\SqliteJson.csproj", "{0D6B3CCB-DFA5-4429-BA4E-B6D40D270DB9}"
EndProject
Project("{FAE04EC0-301F-11D3-BF4B-00C04F79EFBC}") = "Tycho", "Tycho\Tycho.csproj", "{903AF508-3D99-467C-94D3-133875221FB4}"
EndProject
Project("{FAE04EC0-301F-11D3-BF4B-00C04F79EFBC}") = "Tycho.UnitTests", "Tycho.UnitTests\Tycho.UnitTests.csproj", "{464BA0EF-67B9-4551-9507-A2ED7041C0D1}"
EndProject
Project("{2150E333-8FDC-42A3-9474-1A3956D46DE8}") = "MobileTestApp", "MobileTestApp", "{BE07F912-D96B-4583-9FBB-1E06E2D7079F}"
EndProject
Project("{2150E333-8FDC-42A3-9474-1A3956D46DE8}") = "Build", "Build", "{999E6276-8388-4D26-BAC9-7EC31A1FC5DE}"
	ProjectSection(SolutionItems) = preProject
		build.cake = build.cake
		build.ps1 = build.ps1
		cakebuild.sh = cakebuild.sh
		Tycho-Release.nuspec = Tycho-Release.nuspec
	EndProjectSection
EndProject
Project("{2150E333-8FDC-42A3-9474-1A3956D46DE8}") = "[Solution Configuration]", "[Solution Configuration]", "{CAE0A9C0-072D-4D8D-9B5F-17D30E3D7EE7}"
EndProject
Project("{FAE04EC0-301F-11D3-BF4B-00C04F79EFBC}") = "Tycho.Benchmarks", "Tycho.Benchmarks\Tycho.Benchmarks.csproj", "{2839A1AC-3C12-44BC-80F9-8DE5670AD91A}"
EndProject
Global
	GlobalSection(SolutionConfigurationPlatforms) = preSolution
		Debug|Any CPU = Debug|Any CPU
		Release|Any CPU = Release|Any CPU
		Debug|iPhoneSimulator = Debug|iPhoneSimulator
		Release|iPhoneSimulator = Release|iPhoneSimulator
		Debug|iPhone = Debug|iPhone
		Release|iPhone = Release|iPhone
	EndGlobalSection
	GlobalSection(ProjectConfigurationPlatforms) = postSolution
		{61108774-02A4-4F47-9B1F-59F56F4A576B}.Debug|Any CPU.ActiveCfg = Debug|Any CPU
		{61108774-02A4-4F47-9B1F-59F56F4A576B}.Debug|Any CPU.Build.0 = Debug|Any CPU
		{61108774-02A4-4F47-9B1F-59F56F4A576B}.Release|Any CPU.ActiveCfg = Release|Any CPU
		{61108774-02A4-4F47-9B1F-59F56F4A576B}.Debug|iPhoneSimulator.ActiveCfg = Debug|Any CPU
		{61108774-02A4-4F47-9B1F-59F56F4A576B}.Debug|iPhoneSimulator.Build.0 = Debug|Any CPU
		{61108774-02A4-4F47-9B1F-59F56F4A576B}.Release|iPhoneSimulator.ActiveCfg = Release|Any CPU
		{61108774-02A4-4F47-9B1F-59F56F4A576B}.Release|iPhoneSimulator.Build.0 = Release|Any CPU
		{61108774-02A4-4F47-9B1F-59F56F4A576B}.Debug|iPhone.ActiveCfg = Debug|Any CPU
		{61108774-02A4-4F47-9B1F-59F56F4A576B}.Debug|iPhone.Build.0 = Debug|Any CPU
		{61108774-02A4-4F47-9B1F-59F56F4A576B}.Release|iPhone.ActiveCfg = Release|Any CPU
		{61108774-02A4-4F47-9B1F-59F56F4A576B}.Release|iPhone.Build.0 = Release|Any CPU
		{554646F4-835F-4937-922B-CFCE943F171D}.Debug|Any CPU.ActiveCfg = Debug|iPhoneSimulator
		{554646F4-835F-4937-922B-CFCE943F171D}.Debug|Any CPU.Build.0 = Debug|iPhoneSimulator
		{554646F4-835F-4937-922B-CFCE943F171D}.Release|Any CPU.ActiveCfg = Release|iPhoneSimulator
		{554646F4-835F-4937-922B-CFCE943F171D}.Debug|iPhoneSimulator.ActiveCfg = Debug|iPhoneSimulator
		{554646F4-835F-4937-922B-CFCE943F171D}.Debug|iPhoneSimulator.Build.0 = Debug|iPhoneSimulator
		{554646F4-835F-4937-922B-CFCE943F171D}.Release|iPhoneSimulator.ActiveCfg = Release|iPhoneSimulator
		{554646F4-835F-4937-922B-CFCE943F171D}.Release|iPhoneSimulator.Build.0 = Release|iPhoneSimulator
		{554646F4-835F-4937-922B-CFCE943F171D}.Debug|iPhone.ActiveCfg = Debug|iPhone
		{554646F4-835F-4937-922B-CFCE943F171D}.Debug|iPhone.Build.0 = Debug|iPhone
		{554646F4-835F-4937-922B-CFCE943F171D}.Release|iPhone.ActiveCfg = Release|iPhone
		{554646F4-835F-4937-922B-CFCE943F171D}.Release|iPhone.Build.0 = Release|iPhone
		{0D6B3CCB-DFA5-4429-BA4E-B6D40D270DB9}.Debug|Any CPU.ActiveCfg = Debug|Any CPU
		{0D6B3CCB-DFA5-4429-BA4E-B6D40D270DB9}.Debug|Any CPU.Build.0 = Debug|Any CPU
		{0D6B3CCB-DFA5-4429-BA4E-B6D40D270DB9}.Release|Any CPU.ActiveCfg = Release|Any CPU
		{0D6B3CCB-DFA5-4429-BA4E-B6D40D270DB9}.Debug|iPhoneSimulator.ActiveCfg = Debug|Any CPU
		{0D6B3CCB-DFA5-4429-BA4E-B6D40D270DB9}.Debug|iPhoneSimulator.Build.0 = Debug|Any CPU
		{0D6B3CCB-DFA5-4429-BA4E-B6D40D270DB9}.Release|iPhoneSimulator.ActiveCfg = Release|Any CPU
		{0D6B3CCB-DFA5-4429-BA4E-B6D40D270DB9}.Release|iPhoneSimulator.Build.0 = Release|Any CPU
		{0D6B3CCB-DFA5-4429-BA4E-B6D40D270DB9}.Debug|iPhone.ActiveCfg = Debug|Any CPU
		{0D6B3CCB-DFA5-4429-BA4E-B6D40D270DB9}.Debug|iPhone.Build.0 = Debug|Any CPU
		{0D6B3CCB-DFA5-4429-BA4E-B6D40D270DB9}.Release|iPhone.ActiveCfg = Release|Any CPU
		{0D6B3CCB-DFA5-4429-BA4E-B6D40D270DB9}.Release|iPhone.Build.0 = Release|Any CPU
		{903AF508-3D99-467C-94D3-133875221FB4}.Debug|Any CPU.ActiveCfg = Debug|Any CPU
		{903AF508-3D99-467C-94D3-133875221FB4}.Debug|Any CPU.Build.0 = Debug|Any CPU
		{903AF508-3D99-467C-94D3-133875221FB4}.Release|Any CPU.ActiveCfg = Release|Any CPU
		{903AF508-3D99-467C-94D3-133875221FB4}.Release|Any CPU.Build.0 = Release|Any CPU
		{903AF508-3D99-467C-94D3-133875221FB4}.Debug|iPhoneSimulator.ActiveCfg = Debug|Any CPU
		{903AF508-3D99-467C-94D3-133875221FB4}.Debug|iPhoneSimulator.Build.0 = Debug|Any CPU
		{903AF508-3D99-467C-94D3-133875221FB4}.Release|iPhoneSimulator.ActiveCfg = Release|Any CPU
		{903AF508-3D99-467C-94D3-133875221FB4}.Release|iPhoneSimulator.Build.0 = Release|Any CPU
		{903AF508-3D99-467C-94D3-133875221FB4}.Debug|iPhone.ActiveCfg = Debug|Any CPU
		{903AF508-3D99-467C-94D3-133875221FB4}.Debug|iPhone.Build.0 = Debug|Any CPU
		{903AF508-3D99-467C-94D3-133875221FB4}.Release|iPhone.ActiveCfg = Release|Any CPU
		{903AF508-3D99-467C-94D3-133875221FB4}.Release|iPhone.Build.0 = Release|Any CPU
		{464BA0EF-67B9-4551-9507-A2ED7041C0D1}.Debug|Any CPU.ActiveCfg = Debug|Any CPU
		{464BA0EF-67B9-4551-9507-A2ED7041C0D1}.Debug|Any CPU.Build.0 = Debug|Any CPU
		{464BA0EF-67B9-4551-9507-A2ED7041C0D1}.Release|Any CPU.ActiveCfg = Release|Any CPU
		{464BA0EF-67B9-4551-9507-A2ED7041C0D1}.Debug|iPhoneSimulator.ActiveCfg = Debug|Any CPU
		{464BA0EF-67B9-4551-9507-A2ED7041C0D1}.Debug|iPhoneSimulator.Build.0 = Debug|Any CPU
		{464BA0EF-67B9-4551-9507-A2ED7041C0D1}.Release|iPhoneSimulator.ActiveCfg = Release|Any CPU
		{464BA0EF-67B9-4551-9507-A2ED7041C0D1}.Release|iPhoneSimulator.Build.0 = Release|Any CPU
		{464BA0EF-67B9-4551-9507-A2ED7041C0D1}.Debug|iPhone.ActiveCfg = Debug|Any CPU
		{464BA0EF-67B9-4551-9507-A2ED7041C0D1}.Debug|iPhone.Build.0 = Debug|Any CPU
		{464BA0EF-67B9-4551-9507-A2ED7041C0D1}.Release|iPhone.ActiveCfg = Release|Any CPU
		{464BA0EF-67B9-4551-9507-A2ED7041C0D1}.Release|iPhone.Build.0 = Release|Any CPU
		{2839A1AC-3C12-44BC-80F9-8DE5670AD91A}.Debug|Any CPU.ActiveCfg = Debug|Any CPU
		{2839A1AC-3C12-44BC-80F9-8DE5670AD91A}.Debug|Any CPU.Build.0 = Debug|Any CPU
		{2839A1AC-3C12-44BC-80F9-8DE5670AD91A}.Release|Any CPU.ActiveCfg = Release|Any CPU
		{2839A1AC-3C12-44BC-80F9-8DE5670AD91A}.Release|Any CPU.Build.0 = Release|Any CPU
		{2839A1AC-3C12-44BC-80F9-8DE5670AD91A}.Debug|iPhoneSimulator.ActiveCfg = Debug|Any CPU
		{2839A1AC-3C12-44BC-80F9-8DE5670AD91A}.Debug|iPhoneSimulator.Build.0 = Debug|Any CPU
		{2839A1AC-3C12-44BC-80F9-8DE5670AD91A}.Release|iPhoneSimulator.ActiveCfg = Release|Any CPU
		{2839A1AC-3C12-44BC-80F9-8DE5670AD91A}.Release|iPhoneSimulator.Build.0 = Release|Any CPU
		{2839A1AC-3C12-44BC-80F9-8DE5670AD91A}.Debug|iPhone.ActiveCfg = Debug|Any CPU
		{2839A1AC-3C12-44BC-80F9-8DE5670AD91A}.Debug|iPhone.Build.0 = Debug|Any CPU
		{2839A1AC-3C12-44BC-80F9-8DE5670AD91A}.Release|iPhone.ActiveCfg = Release|Any CPU
		{2839A1AC-3C12-44BC-80F9-8DE5670AD91A}.Release|iPhone.Build.0 = Release|Any CPU
	EndGlobalSection
	GlobalSection(SolutionProperties) = preSolution
		HideSolutionNode = FALSE
	EndGlobalSection
	GlobalSection(ExtensibilityGlobals) = postSolution
		SolutionGuid = {3E57D156-945E-4CDD-A3A1-C3ECAD8AF4C2}
	EndGlobalSection
	GlobalSection(NestedProjects) = preSolution
		{0D6B3CCB-DFA5-4429-BA4E-B6D40D270DB9} = {BE07F912-D96B-4583-9FBB-1E06E2D7079F}
		{61108774-02A4-4F47-9B1F-59F56F4A576B} = {BE07F912-D96B-4583-9FBB-1E06E2D7079F}
		{554646F4-835F-4937-922B-CFCE943F171D} = {BE07F912-D96B-4583-9FBB-1E06E2D7079F}
	EndGlobalSection
EndGlobal
